
Microsoft Visual Studio Solution File, Format Version 12.00
# Visual Studio Version 17
VisualStudioVersion = 17.14.36518.9 d17.14
MinimumVisualStudioVersion = 10.0.40219.1
Project("{FAE04EC0-301F-11D3-BF4B-00C04F79EFBC}") = "Eylul_Webproje", "Eylul_Webproje.csproj", "{D1A757C9-9FA3-4B24-82E1-E5CCAB5D2564}"
EndProject
Global
	GlobalSection(SolutionConfigurationPlatforms) = preSolution
		Debug|Any CPU = Debug|Any CPU
		Release|Any CPU = Release|Any CPU
	EndGlobalSection
	GlobalSection(ProjectConfigurationPlatforms) = postSolution
		{D1A757C9-9FA3-4B24-82E1-E5CCAB5D2564}.Debug|Any CPU.ActiveCfg = Debug|Any CPU
		{D1A757C9-9FA3-4B24-82E1-E5CCAB5D2564}.Debug|Any CPU.Build.0 = Debug|Any CPU
		{D1A757C9-9FA3-4B24-82E1-E5CCAB5D2564}.Release|Any CPU.ActiveCfg = Release|Any CPU
		{D1A757C9-9FA3-4B24-82E1-E5CCAB5D2564}.Release|Any CPU.Build.0 = Release|Any CPU
	EndGlobalSection
	GlobalSection(SolutionProperties) = preSolution
		HideSolutionNode = FALSE
	EndGlobalSection
	GlobalSection(ExtensibilityGlobals) = postSolution
		SolutionGuid = {445E1674-1FE7-4B63-A52E-8341680CE514}
	EndGlobalSection
EndGlobal
